// !$*UTF8*$!
{
	archiveVersion = 1;
	classes = {
	};
	objectVersion = 50;
	objects = {

/* Begin PBXBuildFile section */
		A383C5EB714BFC6157D1D143 /* Pods_Box.framework in Frameworks */ = {isa = PBXBuildFile; fileRef = 450B82AB4B836788A2616404 /* Pods_Box.framework */; };
		D60600E922CB30F90037C57A /* ForUStartVC.swift in Sources */ = {isa = PBXBuildFile; fileRef = D60600E822CB30F90037C57A /* ForUStartVC.swift */; };
		D60600EB22CB3EC70037C57A /* ForUVC.swift in Sources */ = {isa = PBXBuildFile; fileRef = D60600EA22CB3EC70037C57A /* ForUVC.swift */; };
		D60A8FCA22C919E100086350 /* UIView_Extension.swift in Sources */ = {isa = PBXBuildFile; fileRef = D60A8FC922C919E100086350 /* UIView_Extension.swift */; };
		D60A8FCB22C91D5800086350 /* NotoSans-SemiBold.ttf in Resources */ = {isa = PBXBuildFile; fileRef = D6AFB2BE22C8E920007F6A3D /* NotoSans-SemiBold.ttf */; };
		D60A8FCD22C91E1A00086350 /* TabBar.storyboard in Resources */ = {isa = PBXBuildFile; fileRef = D60A8FCC22C91E1A00086350 /* TabBar.storyboard */; };
		D60A8FCF22C91F5800086350 /* HomeVC.swift in Sources */ = {isa = PBXBuildFile; fileRef = D60A8FCE22C91F5800086350 /* HomeVC.swift */; };
		D651618D22CC6D49002AE0DC /* productCell.swift in Sources */ = {isa = PBXBuildFile; fileRef = D651618C22CC6D49002AE0DC /* productCell.swift */; };
		D651618F22CC75EF002AE0DC /* Product.swift in Sources */ = {isa = PBXBuildFile; fileRef = D651618E22CC75EF002AE0DC /* Product.swift */; };
		D675423022C9C8D900A319D4 /* CategoryMenuVC.swift in Sources */ = {isa = PBXBuildFile; fileRef = D675422F22C9C8D900A319D4 /* CategoryMenuVC.swift */; };
		D675423822C9DE4C00A319D4 /* CategoryCVC.swift in Sources */ = {isa = PBXBuildFile; fileRef = D675423622C9DE4C00A319D4 /* CategoryCVC.swift */; };
		D675423922C9DE4C00A319D4 /* CategoryCVC.xib in Resources */ = {isa = PBXBuildFile; fileRef = D675423722C9DE4C00A319D4 /* CategoryCVC.xib */; };
		D675423B22CA700100A319D4 /* CategoryItem.swift in Sources */ = {isa = PBXBuildFile; fileRef = D675423A22CA700100A319D4 /* CategoryItem.swift */; };
		D675423D22CAF88200A319D4 /* SearchVC.swift in Sources */ = {isa = PBXBuildFile; fileRef = D675423C22CAF88200A319D4 /* SearchVC.swift */; };
		D6AFB2AB22C8A668007F6A3D /* AppDelegate.swift in Sources */ = {isa = PBXBuildFile; fileRef = D6AFB2AA22C8A668007F6A3D /* AppDelegate.swift */; };
		D6AFB2B022C8A668007F6A3D /* Main.storyboard in Resources */ = {isa = PBXBuildFile; fileRef = D6AFB2AE22C8A668007F6A3D /* Main.storyboard */; };
		D6AFB2B222C8A669007F6A3D /* Assets.xcassets in Resources */ = {isa = PBXBuildFile; fileRef = D6AFB2B122C8A669007F6A3D /* Assets.xcassets */; };
		D6AFB2B522C8A669007F6A3D /* LaunchScreen.storyboard in Resources */ = {isa = PBXBuildFile; fileRef = D6AFB2B322C8A669007F6A3D /* LaunchScreen.storyboard */; };
		D6AFB2BD22C8AE3B007F6A3D /* ViewController.swift in Sources */ = {isa = PBXBuildFile; fileRef = D6AFB2BC22C8AE3B007F6A3D /* ViewController.swift */; };
		D6AFB2C122C8F922007F6A3D /* UIColor_Extension.swift in Sources */ = {isa = PBXBuildFile; fileRef = D6AFB2C022C8F922007F6A3D /* UIColor_Extension.swift */; };
		D6C6010322CBA10A001ED3C8 /* SF-Pro-Text-Medium.otf in Resources */ = {isa = PBXBuildFile; fileRef = D60600E522CB20500037C57A /* SF-Pro-Text-Medium.otf */; };
		D6C6010422CBA110001ED3C8 /* NotoSans-Medium.ttf in Resources */ = {isa = PBXBuildFile; fileRef = D675423522C9CBD000A319D4 /* NotoSans-Medium.ttf */; };
		D6C6010622CBC916001ED3C8 /* PeriodicalProductVC.swift in Sources */ = {isa = PBXBuildFile; fileRef = D6C6010522CBC916001ED3C8 /* PeriodicalProductVC.swift */; };
		D6C6010822CBC9F9001ED3C8 /* ProductList.storyboard in Resources */ = {isa = PBXBuildFile; fileRef = D6C6010722CBC9F9001ED3C8 /* ProductList.storyboard */; };
		D6FDA83422CCAE0100866209 /* PeriodicalCell.swift in Sources */ = {isa = PBXBuildFile; fileRef = D6FDA83222CCAE0100866209 /* PeriodicalCell.swift */; };
		D6FDA83522CCAE0100866209 /* PeriodicalCell.xib in Resources */ = {isa = PBXBuildFile; fileRef = D6FDA83322CCAE0100866209 /* PeriodicalCell.xib */; };
		D6FDA85722CCE04200866209 /* PackageCell.swift in Sources */ = {isa = PBXBuildFile; fileRef = D6FDA85522CCE04200866209 /* PackageCell.swift */; };
		D6FDA85822CCE04200866209 /* PackageCell.xib in Resources */ = {isa = PBXBuildFile; fileRef = D6FDA85622CCE04200866209 /* PackageCell.xib */; };
		D6FDA85A22CDBFE900866209 /* ProductDetailVC.swift in Sources */ = {isa = PBXBuildFile; fileRef = D6FDA85922CDBFE900866209 /* ProductDetailVC.swift */; };
/* End PBXBuildFile section */

/* Begin PBXFileReference section */
		25E0685B61ED26CE5BAA1978 /* Pods-Box.release.xcconfig */ = {isa = PBXFileReference; includeInIndex = 1; lastKnownFileType = text.xcconfig; name = "Pods-Box.release.xcconfig"; path = "Pods/Target Support Files/Pods-Box/Pods-Box.release.xcconfig"; sourceTree = "<group>"; };
		44BC48CC08C01CE86C936C18 /* Pods-Box.debug.xcconfig */ = {isa = PBXFileReference; includeInIndex = 1; lastKnownFileType = text.xcconfig; name = "Pods-Box.debug.xcconfig"; path = "Pods/Target Support Files/Pods-Box/Pods-Box.debug.xcconfig"; sourceTree = "<group>"; };
		450B82AB4B836788A2616404 /* Pods_Box.framework */ = {isa = PBXFileReference; explicitFileType = wrapper.framework; includeInIndex = 0; path = Pods_Box.framework; sourceTree = BUILT_PRODUCTS_DIR; };
		D60600E522CB20500037C57A /* SF-Pro-Text-Medium.otf */ = {isa = PBXFileReference; lastKnownFileType = file; path = "SF-Pro-Text-Medium.otf"; sourceTree = "<group>"; };
		D60600E822CB30F90037C57A /* ForUStartVC.swift */ = {isa = PBXFileReference; lastKnownFileType = sourcecode.swift; path = ForUStartVC.swift; sourceTree = "<group>"; };
		D60600EA22CB3EC70037C57A /* ForUVC.swift */ = {isa = PBXFileReference; lastKnownFileType = sourcecode.swift; path = ForUVC.swift; sourceTree = "<group>"; };
		D60A8FC922C919E100086350 /* UIView_Extension.swift */ = {isa = PBXFileReference; lastKnownFileType = sourcecode.swift; path = UIView_Extension.swift; sourceTree = "<group>"; };
		D60A8FCC22C91E1A00086350 /* TabBar.storyboard */ = {isa = PBXFileReference; lastKnownFileType = file.storyboard; path = TabBar.storyboard; sourceTree = "<group>"; };
		D60A8FCE22C91F5800086350 /* HomeVC.swift */ = {isa = PBXFileReference; lastKnownFileType = sourcecode.swift; path = HomeVC.swift; sourceTree = "<group>"; };
		D651618822CC6711002AE0DC /* NotoSans-Light.ttf */ = {isa = PBXFileReference; lastKnownFileType = file; path = "NotoSans-Light.ttf"; sourceTree = "<group>"; };
		D651618C22CC6D49002AE0DC /* productCell.swift */ = {isa = PBXFileReference; lastKnownFileType = sourcecode.swift; path = productCell.swift; sourceTree = "<group>"; };
		D651618E22CC75EF002AE0DC /* Product.swift */ = {isa = PBXFileReference; lastKnownFileType = sourcecode.swift; path = Product.swift; sourceTree = "<group>"; };
		D675422F22C9C8D900A319D4 /* CategoryMenuVC.swift */ = {isa = PBXFileReference; lastKnownFileType = sourcecode.swift; path = CategoryMenuVC.swift; sourceTree = "<group>"; };
		D675423522C9CBD000A319D4 /* NotoSans-Medium.ttf */ = {isa = PBXFileReference; lastKnownFileType = file; path = "NotoSans-Medium.ttf"; sourceTree = "<group>"; };
		D675423622C9DE4C00A319D4 /* CategoryCVC.swift */ = {isa = PBXFileReference; lastKnownFileType = sourcecode.swift; path = CategoryCVC.swift; sourceTree = "<group>"; };
		D675423722C9DE4C00A319D4 /* CategoryCVC.xib */ = {isa = PBXFileReference; lastKnownFileType = file.xib; path = CategoryCVC.xib; sourceTree = "<group>"; };
		D675423A22CA700100A319D4 /* CategoryItem.swift */ = {isa = PBXFileReference; lastKnownFileType = sourcecode.swift; path = CategoryItem.swift; sourceTree = "<group>"; };
		D675423C22CAF88200A319D4 /* SearchVC.swift */ = {isa = PBXFileReference; lastKnownFileType = sourcecode.swift; path = SearchVC.swift; sourceTree = "<group>"; };
		D6AFB2A722C8A668007F6A3D /* Box.app */ = {isa = PBXFileReference; explicitFileType = wrapper.application; includeInIndex = 0; path = Box.app; sourceTree = BUILT_PRODUCTS_DIR; };
		D6AFB2AA22C8A668007F6A3D /* AppDelegate.swift */ = {isa = PBXFileReference; lastKnownFileType = sourcecode.swift; path = AppDelegate.swift; sourceTree = "<group>"; };
		D6AFB2AF22C8A668007F6A3D /* Base */ = {isa = PBXFileReference; lastKnownFileType = file.storyboard; name = Base; path = Base.lproj/Main.storyboard; sourceTree = "<group>"; };
		D6AFB2B122C8A669007F6A3D /* Assets.xcassets */ = {isa = PBXFileReference; lastKnownFileType = folder.assetcatalog; path = Assets.xcassets; sourceTree = "<group>"; };
		D6AFB2B422C8A669007F6A3D /* Base */ = {isa = PBXFileReference; lastKnownFileType = file.storyboard; name = Base; path = Base.lproj/LaunchScreen.storyboard; sourceTree = "<group>"; };
		D6AFB2B622C8A669007F6A3D /* Info.plist */ = {isa = PBXFileReference; lastKnownFileType = text.plist.xml; path = Info.plist; sourceTree = "<group>"; };
		D6AFB2BC22C8AE3B007F6A3D /* ViewController.swift */ = {isa = PBXFileReference; lastKnownFileType = sourcecode.swift; path = ViewController.swift; sourceTree = "<group>"; };
		D6AFB2BE22C8E920007F6A3D /* NotoSans-SemiBold.ttf */ = {isa = PBXFileReference; lastKnownFileType = file; path = "NotoSans-SemiBold.ttf"; sourceTree = "<group>"; };
		D6AFB2C022C8F922007F6A3D /* UIColor_Extension.swift */ = {isa = PBXFileReference; lastKnownFileType = sourcecode.swift; path = UIColor_Extension.swift; sourceTree = "<group>"; };
		D6C6010522CBC916001ED3C8 /* PeriodicalProductVC.swift */ = {isa = PBXFileReference; lastKnownFileType = sourcecode.swift; path = PeriodicalProductVC.swift; sourceTree = "<group>"; };
		D6C6010722CBC9F9001ED3C8 /* ProductList.storyboard */ = {isa = PBXFileReference; lastKnownFileType = file.storyboard; path = ProductList.storyboard; sourceTree = "<group>"; };
		D6FDA83222CCAE0100866209 /* PeriodicalCell.swift */ = {isa = PBXFileReference; lastKnownFileType = sourcecode.swift; path = PeriodicalCell.swift; sourceTree = "<group>"; };
		D6FDA83322CCAE0100866209 /* PeriodicalCell.xib */ = {isa = PBXFileReference; lastKnownFileType = file.xib; path = PeriodicalCell.xib; sourceTree = "<group>"; };
		D6FDA85522CCE04200866209 /* PackageCell.swift */ = {isa = PBXFileReference; lastKnownFileType = sourcecode.swift; path = PackageCell.swift; sourceTree = "<group>"; };
		D6FDA85622CCE04200866209 /* PackageCell.xib */ = {isa = PBXFileReference; lastKnownFileType = file.xib; path = PackageCell.xib; sourceTree = "<group>"; };
		D6FDA85922CDBFE900866209 /* ProductDetailVC.swift */ = {isa = PBXFileReference; lastKnownFileType = sourcecode.swift; path = ProductDetailVC.swift; sourceTree = "<group>"; };
/* End PBXFileReference section */

/* Begin PBXFrameworksBuildPhase section */
		D6AFB2A422C8A668007F6A3D /* Frameworks */ = {
			isa = PBXFrameworksBuildPhase;
			buildActionMask = 2147483647;
			files = (
				A383C5EB714BFC6157D1D143 /* Pods_Box.framework in Frameworks */,
			);
			runOnlyForDeploymentPostprocessing = 0;
		};
/* End PBXFrameworksBuildPhase section */

/* Begin PBXGroup section */
		9A07E0A39AC36E68468296CA /* Pods */ = {
			isa = PBXGroup;
			children = (
				44BC48CC08C01CE86C936C18 /* Pods-Box.debug.xcconfig */,
				25E0685B61ED26CE5BAA1978 /* Pods-Box.release.xcconfig */,
			);
			name = Pods;
			sourceTree = "<group>";
		};
		D60A8FD022C91F9B00086350 /* StoryBoard */ = {
			isa = PBXGroup;
			children = (
				D6AFB2B322C8A669007F6A3D /* LaunchScreen.storyboard */,
				D6AFB2AE22C8A668007F6A3D /* Main.storyboard */,
				D60A8FCC22C91E1A00086350 /* TabBar.storyboard */,
				D6C6010722CBC9F9001ED3C8 /* ProductList.storyboard */,
			);
			path = StoryBoard;
			sourceTree = "<group>";
		};
		D60A8FD122C91FAC00086350 /* Extensions */ = {
			isa = PBXGroup;
			children = (
				D60A8FC922C919E100086350 /* UIView_Extension.swift */,
				D6AFB2C022C8F922007F6A3D /* UIColor_Extension.swift */,
			);
			path = Extensions;
			sourceTree = "<group>";
		};
		D651618922CC6943002AE0DC /* xibFiles */ = {
			isa = PBXGroup;
			children = (
				D675423622C9DE4C00A319D4 /* CategoryCVC.swift */,
				D675423722C9DE4C00A319D4 /* CategoryCVC.xib */,
				D651618C22CC6D49002AE0DC /* productCell.swift */,
				D6FDA83222CCAE0100866209 /* PeriodicalCell.swift */,
				D6FDA83322CCAE0100866209 /* PeriodicalCell.xib */,
				D6FDA85522CCE04200866209 /* PackageCell.swift */,
				D6FDA85622CCE04200866209 /* PackageCell.xib */,
			);
			path = xibFiles;
			sourceTree = "<group>";
		};
		D651618A22CC6964002AE0DC /* ViewControllers */ = {
			isa = PBXGroup;
			children = (
				D675423C22CAF88200A319D4 /* SearchVC.swift */,
				D60600E822CB30F90037C57A /* ForUStartVC.swift */,
				D60600EA22CB3EC70037C57A /* ForUVC.swift */,
				D675422F22C9C8D900A319D4 /* CategoryMenuVC.swift */,
				D60A8FCE22C91F5800086350 /* HomeVC.swift */,
				D6C6010522CBC916001ED3C8 /* PeriodicalProductVC.swift */,
				D6FDA85922CDBFE900866209 /* ProductDetailVC.swift */,
				D6AFB2BC22C8AE3B007F6A3D /* ViewController.swift */,
			);
			path = ViewControllers;
			sourceTree = "<group>";
		};
		D651618B22CC6987002AE0DC /* Fonts */ = {
			isa = PBXGroup;
			children = (
				D651618822CC6711002AE0DC /* NotoSans-Light.ttf */,
				D60600E522CB20500037C57A /* SF-Pro-Text-Medium.otf */,
				D675423522C9CBD000A319D4 /* NotoSans-Medium.ttf */,
				D6AFB2BE22C8E920007F6A3D /* NotoSans-SemiBold.ttf */,
			);
			path = Fonts;
			sourceTree = "<group>";
		};
		D6AFB29E22C8A668007F6A3D = {
			isa = PBXGroup;
			children = (
				D6AFB2A922C8A668007F6A3D /* Box */,
				D6AFB2A822C8A668007F6A3D /* Products */,
				9A07E0A39AC36E68468296CA /* Pods */,
				E2A4BEA04DA488BC35A41E64 /* Frameworks */,
			);
			sourceTree = "<group>";
		};
		D6AFB2A822C8A668007F6A3D /* Products */ = {
			isa = PBXGroup;
			children = (
				D6AFB2A722C8A668007F6A3D /* Box.app */,
			);
			name = Products;
			sourceTree = "<group>";
		};
		D6AFB2A922C8A668007F6A3D /* Box */ = {
			isa = PBXGroup;
			children = (
				D651618922CC6943002AE0DC /* xibFiles */,
				D60A8FD122C91FAC00086350 /* Extensions */,
				D60A8FD022C91F9B00086350 /* StoryBoard */,
				D651618A22CC6964002AE0DC /* ViewControllers */,
				D651618B22CC6987002AE0DC /* Fonts */,
				D6AFB2AA22C8A668007F6A3D /* AppDelegate.swift */,
				D675423A22CA700100A319D4 /* CategoryItem.swift */,
				D651618E22CC75EF002AE0DC /* Product.swift */,
				D6AFB2B122C8A669007F6A3D /* Assets.xcassets */,
				D6AFB2B622C8A669007F6A3D /* Info.plist */,
			);
			path = Box;
			sourceTree = "<group>";
		};
		E2A4BEA04DA488BC35A41E64 /* Frameworks */ = {
			isa = PBXGroup;
			children = (
				450B82AB4B836788A2616404 /* Pods_Box.framework */,
			);
			name = Frameworks;
			sourceTree = "<group>";
		};
/* End PBXGroup section */

/* Begin PBXNativeTarget section */
		D6AFB2A622C8A668007F6A3D /* Box */ = {
			isa = PBXNativeTarget;
			buildConfigurationList = D6AFB2B922C8A669007F6A3D /* Build configuration list for PBXNativeTarget "Box" */;
			buildPhases = (
				45912CC5BCBCF65A1FA0EF68 /* [CP] Check Pods Manifest.lock */,
				D6AFB2A322C8A668007F6A3D /* Sources */,
				D6AFB2A422C8A668007F6A3D /* Frameworks */,
				D6AFB2A522C8A668007F6A3D /* Resources */,
				667EAAB6A842E235E2BE6CBF /* [CP] Embed Pods Frameworks */,
				4B2FA73CFD82F5D9C62BFA9F /* [CP] Copy Pods Resources */,
			);
			buildRules = (
			);
			dependencies = (
			);
			name = Box;
			productName = Box;
			productReference = D6AFB2A722C8A668007F6A3D /* Box.app */;
			productType = "com.apple.product-type.application";
		};
/* End PBXNativeTarget section */

/* Begin PBXProject section */
		D6AFB29F22C8A668007F6A3D /* Project object */ = {
			isa = PBXProject;
			attributes = {
				LastSwiftUpdateCheck = 1020;
				LastUpgradeCheck = 1020;
				ORGANIZATIONNAME = "Jun Seub Lim";
				TargetAttributes = {
					D6AFB2A622C8A668007F6A3D = {
						CreatedOnToolsVersion = 10.2.1;
					};
				};
			};
			buildConfigurationList = D6AFB2A222C8A668007F6A3D /* Build configuration list for PBXProject "Box" */;
			compatibilityVersion = "Xcode 9.3";
			developmentRegion = en;
			hasScannedForEncodings = 0;
			knownRegions = (
				en,
				Base,
			);
			mainGroup = D6AFB29E22C8A668007F6A3D;
			productRefGroup = D6AFB2A822C8A668007F6A3D /* Products */;
			projectDirPath = "";
			projectRoot = "";
			targets = (
				D6AFB2A622C8A668007F6A3D /* Box */,
			);
		};
/* End PBXProject section */

/* Begin PBXResourcesBuildPhase section */
		D6AFB2A522C8A668007F6A3D /* Resources */ = {
			isa = PBXResourcesBuildPhase;
			buildActionMask = 2147483647;
			files = (
				D6C6010822CBC9F9001ED3C8 /* ProductList.storyboard in Resources */,
				D675423922C9DE4C00A319D4 /* CategoryCVC.xib in Resources */,
				D60A8FCD22C91E1A00086350 /* TabBar.storyboard in Resources */,
				D6C6010422CBA110001ED3C8 /* NotoSans-Medium.ttf in Resources */,
				D6AFB2B522C8A669007F6A3D /* LaunchScreen.storyboard in Resources */,
				D6AFB2B222C8A669007F6A3D /* Assets.xcassets in Resources */,
				D6FDA85822CCE04200866209 /* PackageCell.xib in Resources */,
				D60A8FCB22C91D5800086350 /* NotoSans-SemiBold.ttf in Resources */,
				D6C6010322CBA10A001ED3C8 /* SF-Pro-Text-Medium.otf in Resources */,
				D6AFB2B022C8A668007F6A3D /* Main.storyboard in Resources */,
				D6FDA83522CCAE0100866209 /* PeriodicalCell.xib in Resources */,
			);
			runOnlyForDeploymentPostprocessing = 0;
		};
/* End PBXResourcesBuildPhase section */

/* Begin PBXShellScriptBuildPhase section */
		45912CC5BCBCF65A1FA0EF68 /* [CP] Check Pods Manifest.lock */ = {
			isa = PBXShellScriptBuildPhase;
			buildActionMask = 2147483647;
			files = (
			);
			inputFileListPaths = (
			);
			inputPaths = (
				"${PODS_PODFILE_DIR_PATH}/Podfile.lock",
				"${PODS_ROOT}/Manifest.lock",
			);
			name = "[CP] Check Pods Manifest.lock";
			outputFileListPaths = (
			);
			outputPaths = (
				"$(DERIVED_FILE_DIR)/Pods-Box-checkManifestLockResult.txt",
			);
			runOnlyForDeploymentPostprocessing = 0;
			shellPath = /bin/sh;
			shellScript = "diff \"${PODS_PODFILE_DIR_PATH}/Podfile.lock\" \"${PODS_ROOT}/Manifest.lock\" > /dev/null\nif [ $? != 0 ] ; then\n    # print error to STDERR\n    echo \"error: The sandbox is not in sync with the Podfile.lock. Run 'pod install' or update your CocoaPods installation.\" >&2\n    exit 1\nfi\n# This output is used by Xcode 'outputs' to avoid re-running this script phase.\necho \"SUCCESS\" > \"${SCRIPT_OUTPUT_FILE_0}\"\n";
			showEnvVarsInLog = 0;
		};
		4B2FA73CFD82F5D9C62BFA9F /* [CP] Copy Pods Resources */ = {
			isa = PBXShellScriptBuildPhase;
			buildActionMask = 2147483647;
			files = (
			);
			inputFileListPaths = (
			);
			inputPaths = (
			);
			name = "[CP] Copy Pods Resources";
			outputFileListPaths = (
			);
			outputPaths = (
			);
			runOnlyForDeploymentPostprocessing = 0;
			shellPath = /bin/sh;
			shellScript = "\"${SRCROOT}/Pods/Target Support Files/Pods-Box/Pods-Box-resources.sh\"\n";
			showEnvVarsInLog = 0;
		};
		667EAAB6A842E235E2BE6CBF /* [CP] Embed Pods Frameworks */ = {
			isa = PBXShellScriptBuildPhase;
			buildActionMask = 2147483647;
			files = (
			);
			inputFileListPaths = (
			);
			inputPaths = (
				"${SRCROOT}/Pods/Target Support Files/Pods-Box/Pods-Box-frameworks.sh",
				"${BUILT_PRODUCTS_DIR}/RangeSeekSlider/RangeSeekSlider.framework",
			);
			name = "[CP] Embed Pods Frameworks";
			outputFileListPaths = (
			);
			outputPaths = (
				"${TARGET_BUILD_DIR}/${FRAMEWORKS_FOLDER_PATH}/RangeSeekSlider.framework",
			);
			runOnlyForDeploymentPostprocessing = 0;
			shellPath = /bin/sh;
			shellScript = "\"${SRCROOT}/Pods/Target Support Files/Pods-Box/Pods-Box-frameworks.sh\"\n";
			showEnvVarsInLog = 0;
		};
/* End PBXShellScriptBuildPhase section */

/* Begin PBXSourcesBuildPhase section */
		D6AFB2A322C8A668007F6A3D /* Sources */ = {
			isa = PBXSourcesBuildPhase;
			buildActionMask = 2147483647;
			files = (
				D6AFB2BD22C8AE3B007F6A3D /* ViewController.swift in Sources */,
				D60A8FCF22C91F5800086350 /* HomeVC.swift in Sources */,
				D675423B22CA700100A319D4 /* CategoryItem.swift in Sources */,
				D675423D22CAF88200A319D4 /* SearchVC.swift in Sources */,
				D6AFB2AB22C8A668007F6A3D /* AppDelegate.swift in Sources */,
				D60600E922CB30F90037C57A /* ForUStartVC.swift in Sources */,
				D651618D22CC6D49002AE0DC /* productCell.swift in Sources */,
				D6C6010622CBC916001ED3C8 /* PeriodicalProductVC.swift in Sources */,
				D6FDA85A22CDBFE900866209 /* ProductDetailVC.swift in Sources */,
				D6FDA85722CCE04200866209 /* PackageCell.swift in Sources */,
				D675423822C9DE4C00A319D4 /* CategoryCVC.swift in Sources */,
				D60A8FCA22C919E100086350 /* UIView_Extension.swift in Sources */,
				D6FDA83422CCAE0100866209 /* PeriodicalCell.swift in Sources */,
				D60600EB22CB3EC70037C57A /* ForUVC.swift in Sources */,
				D651618F22CC75EF002AE0DC /* Product.swift in Sources */,
				D675423022C9C8D900A319D4 /* CategoryMenuVC.swift in Sources */,
				D6AFB2C122C8F922007F6A3D /* UIColor_Extension.swift in Sources */,
			);
			runOnlyForDeploymentPostprocessing = 0;
		};
/* End PBXSourcesBuildPhase section */

/* Begin PBXVariantGroup section */
		D6AFB2AE22C8A668007F6A3D /* Main.storyboard */ = {
			isa = PBXVariantGroup;
			children = (
				D6AFB2AF22C8A668007F6A3D /* Base */,
			);
			name = Main.storyboard;
			sourceTree = "<group>";
		};
		D6AFB2B322C8A669007F6A3D /* LaunchScreen.storyboard */ = {
			isa = PBXVariantGroup;
			children = (
				D6AFB2B422C8A669007F6A3D /* Base */,
			);
			name = LaunchScreen.storyboard;
			sourceTree = "<group>";
		};
/* End PBXVariantGroup section */

/* Begin XCBuildConfiguration section */
		D6AFB2B722C8A669007F6A3D /* Debug */ = {
			isa = XCBuildConfiguration;
			buildSettings = {
				ALWAYS_SEARCH_USER_PATHS = NO;
				CLANG_ANALYZER_NONNULL = YES;
				CLANG_ANALYZER_NUMBER_OBJECT_CONVERSION = YES_AGGRESSIVE;
				CLANG_CXX_LANGUAGE_STANDARD = "gnu++14";
				CLANG_CXX_LIBRARY = "libc++";
				CLANG_ENABLE_MODULES = YES;
				CLANG_ENABLE_OBJC_ARC = YES;
				CLANG_ENABLE_OBJC_WEAK = YES;
				CLANG_WARN_BLOCK_CAPTURE_AUTORELEASING = YES;
				CLANG_WARN_BOOL_CONVERSION = YES;
				CLANG_WARN_COMMA = YES;
				CLANG_WARN_CONSTANT_CONVERSION = YES;
				CLANG_WARN_DEPRECATED_OBJC_IMPLEMENTATIONS = YES;
				CLANG_WARN_DIRECT_OBJC_ISA_USAGE = YES_ERROR;
				CLANG_WARN_DOCUMENTATION_COMMENTS = YES;
				CLANG_WARN_EMPTY_BODY = YES;
				CLANG_WARN_ENUM_CONVERSION = YES;
				CLANG_WARN_INFINITE_RECURSION = YES;
				CLANG_WARN_INT_CONVERSION = YES;
				CLANG_WARN_NON_LITERAL_NULL_CONVERSION = YES;
				CLANG_WARN_OBJC_IMPLICIT_RETAIN_SELF = YES;
				CLANG_WARN_OBJC_LITERAL_CONVERSION = YES;
				CLANG_WARN_OBJC_ROOT_CLASS = YES_ERROR;
				CLANG_WARN_RANGE_LOOP_ANALYSIS = YES;
				CLANG_WARN_STRICT_PROTOTYPES = YES;
				CLANG_WARN_SUSPICIOUS_MOVE = YES;
				CLANG_WARN_UNGUARDED_AVAILABILITY = YES_AGGRESSIVE;
				CLANG_WARN_UNREACHABLE_CODE = YES;
				CLANG_WARN__DUPLICATE_METHOD_MATCH = YES;
				CODE_SIGN_IDENTITY = "iPhone Developer";
				COPY_PHASE_STRIP = NO;
				DEBUG_INFORMATION_FORMAT = dwarf;
				ENABLE_STRICT_OBJC_MSGSEND = YES;
				ENABLE_TESTABILITY = YES;
				GCC_C_LANGUAGE_STANDARD = gnu11;
				GCC_DYNAMIC_NO_PIC = NO;
				GCC_NO_COMMON_BLOCKS = YES;
				GCC_OPTIMIZATION_LEVEL = 0;
				GCC_PREPROCESSOR_DEFINITIONS = (
					"DEBUG=1",
					"$(inherited)",
				);
				GCC_WARN_64_TO_32_BIT_CONVERSION = YES;
				GCC_WARN_ABOUT_RETURN_TYPE = YES_ERROR;
				GCC_WARN_UNDECLARED_SELECTOR = YES;
				GCC_WARN_UNINITIALIZED_AUTOS = YES_AGGRESSIVE;
				GCC_WARN_UNUSED_FUNCTION = YES;
				GCC_WARN_UNUSED_VARIABLE = YES;
				IPHONEOS_DEPLOYMENT_TARGET = 12.2;
				MTL_ENABLE_DEBUG_INFO = INCLUDE_SOURCE;
				MTL_FAST_MATH = YES;
				ONLY_ACTIVE_ARCH = YES;
				SDKROOT = iphoneos;
				SWIFT_ACTIVE_COMPILATION_CONDITIONS = DEBUG;
				SWIFT_OPTIMIZATION_LEVEL = "-Onone";
			};
			name = Debug;
		};
		D6AFB2B822C8A669007F6A3D /* Release */ = {
			isa = XCBuildConfiguration;
			buildSettings = {
				ALWAYS_SEARCH_USER_PATHS = NO;
				CLANG_ANALYZER_NONNULL = YES;
				CLANG_ANALYZER_NUMBER_OBJECT_CONVERSION = YES_AGGRESSIVE;
				CLANG_CXX_LANGUAGE_STANDARD = "gnu++14";
				CLANG_CXX_LIBRARY = "libc++";
				CLANG_ENABLE_MODULES = YES;
				CLANG_ENABLE_OBJC_ARC = YES;
				CLANG_ENABLE_OBJC_WEAK = YES;
				CLANG_WARN_BLOCK_CAPTURE_AUTORELEASING = YES;
				CLANG_WARN_BOOL_CONVERSION = YES;
				CLANG_WARN_COMMA = YES;
				CLANG_WARN_CONSTANT_CONVERSION = YES;
				CLANG_WARN_DEPRECATED_OBJC_IMPLEMENTATIONS = YES;
				CLANG_WARN_DIRECT_OBJC_ISA_USAGE = YES_ERROR;
				CLANG_WARN_DOCUMENTATION_COMMENTS = YES;
				CLANG_WARN_EMPTY_BODY = YES;
				CLANG_WARN_ENUM_CONVERSION = YES;
				CLANG_WARN_INFINITE_RECURSION = YES;
				CLANG_WARN_INT_CONVERSION = YES;
				CLANG_WARN_NON_LITERAL_NULL_CONVERSION = YES;
				CLANG_WARN_OBJC_IMPLICIT_RETAIN_SELF = YES;
				CLANG_WARN_OBJC_LITERAL_CONVERSION = YES;
				CLANG_WARN_OBJC_ROOT_CLASS = YES_ERROR;
				CLANG_WARN_RANGE_LOOP_ANALYSIS = YES;
				CLANG_WARN_STRICT_PROTOTYPES = YES;
				CLANG_WARN_SUSPICIOUS_MOVE = YES;
				CLANG_WARN_UNGUARDED_AVAILABILITY = YES_AGGRESSIVE;
				CLANG_WARN_UNREACHABLE_CODE = YES;
				CLANG_WARN__DUPLICATE_METHOD_MATCH = YES;
				CODE_SIGN_IDENTITY = "iPhone Developer";
				COPY_PHASE_STRIP = NO;
				DEBUG_INFORMATION_FORMAT = "dwarf-with-dsym";
				ENABLE_NS_ASSERTIONS = NO;
				ENABLE_STRICT_OBJC_MSGSEND = YES;
				GCC_C_LANGUAGE_STANDARD = gnu11;
				GCC_NO_COMMON_BLOCKS = YES;
				GCC_WARN_64_TO_32_BIT_CONVERSION = YES;
				GCC_WARN_ABOUT_RETURN_TYPE = YES_ERROR;
				GCC_WARN_UNDECLARED_SELECTOR = YES;
				GCC_WARN_UNINITIALIZED_AUTOS = YES_AGGRESSIVE;
				GCC_WARN_UNUSED_FUNCTION = YES;
				GCC_WARN_UNUSED_VARIABLE = YES;
				IPHONEOS_DEPLOYMENT_TARGET = 12.2;
				MTL_ENABLE_DEBUG_INFO = NO;
				MTL_FAST_MATH = YES;
				SDKROOT = iphoneos;
				SWIFT_COMPILATION_MODE = wholemodule;
				SWIFT_OPTIMIZATION_LEVEL = "-O";
				VALIDATE_PRODUCT = YES;
			};
			name = Release;
		};
		D6AFB2BA22C8A669007F6A3D /* Debug */ = {
			isa = XCBuildConfiguration;
			baseConfigurationReference = 44BC48CC08C01CE86C936C18 /* Pods-Box.debug.xcconfig */;
			buildSettings = {
				ASSETCATALOG_COMPILER_APPICON_NAME = AppIcon;
				CODE_SIGN_STYLE = Automatic;
				INFOPLIST_FILE = Box/Info.plist;
				LD_RUNPATH_SEARCH_PATHS = (
					"$(inherited)",
					"@executable_path/Frameworks",
				);
				PRODUCT_BUNDLE_IDENTIFIER = naver.com.Box;
				PRODUCT_NAME = "$(TARGET_NAME)";
				SWIFT_VERSION = 5.0;
				TARGETED_DEVICE_FAMILY = "1,2";
			};
			name = Debug;
		};
		D6AFB2BB22C8A669007F6A3D /* Release */ = {
			isa = XCBuildConfiguration;
			baseConfigurationReference = 25E0685B61ED26CE5BAA1978 /* Pods-Box.release.xcconfig */;
			buildSettings = {
				ASSETCATALOG_COMPILER_APPICON_NAME = AppIcon;
				CODE_SIGN_STYLE = Automatic;
				INFOPLIST_FILE = Box/Info.plist;
				LD_RUNPATH_SEARCH_PATHS = (
					"$(inherited)",
					"@executable_path/Frameworks",
				);
				PRODUCT_BUNDLE_IDENTIFIER = naver.com.Box;
				PRODUCT_NAME = "$(TARGET_NAME)";
				SWIFT_VERSION = 5.0;
				TARGETED_DEVICE_FAMILY = "1,2";
			};
			name = Release;
		};
/* End XCBuildConfiguration section */

/* Begin XCConfigurationList section */
		D6AFB2A222C8A668007F6A3D /* Build configuration list for PBXProject "Box" */ = {
			isa = XCConfigurationList;
			buildConfigurations = (
				D6AFB2B722C8A669007F6A3D /* Debug */,
				D6AFB2B822C8A669007F6A3D /* Release */,
			);
			defaultConfigurationIsVisible = 0;
			defaultConfigurationName = Release;
		};
		D6AFB2B922C8A669007F6A3D /* Build configuration list for PBXNativeTarget "Box" */ = {
			isa = XCConfigurationList;
			buildConfigurations = (
				D6AFB2BA22C8A669007F6A3D /* Debug */,
				D6AFB2BB22C8A669007F6A3D /* Release */,
			);
			defaultConfigurationIsVisible = 0;
			defaultConfigurationName = Release;
		};
/* End XCConfigurationList section */
	};
	rootObject = D6AFB29F22C8A668007F6A3D /* Project object */;
}
